// !$*UTF8*$!
{
	archiveVersion = 1;
	classes = {
	};
	objectVersion = 46;
	objects = {

/* Begin PBXAggregateTarget section */
		24416B8111C4CA220047AFDD /* Build & Test */ = {
			isa = PBXAggregateTarget;
			buildConfigurationList = 24416B8A11C4CA520047AFDD /* Build configuration list for PBXAggregateTarget "Build & Test" */;
			buildPhases = (
				24416B8011C4CA220047AFDD /* ShellScript */,
			);
			dependencies = (
				24416B8511C4CA280047AFDD /* PBXTargetDependency */,
			);
			name = "Build & Test";
			productName = "Build & test";
		};
/* End PBXAggregateTarget section */

/* Begin PBXBuildFile section */
		AA747D9F0F9514B9006C5449 /* ComAnimecycAnalytics_Prefix.pch in Headers */ = {isa = PBXBuildFile; fileRef = AA747D9E0F9514B9006C5449 /* ComAnimecycAnalytics_Prefix.pch */; };
		AACBBE4A0F95108600F1A2B1 /* Foundation.framework in Frameworks */ = {isa = PBXBuildFile; fileRef = AACBBE490F95108600F1A2B1 /* Foundation.framework */; };
		ED4350261796062700C27298 /* ComAnimecycAnalyticsTransactionProxy.h in Headers */ = {isa = PBXBuildFile; fileRef = ED43501E1796062700C27298 /* ComAnimecycAnalyticsTransactionProxy.h */; };
		ED4350271796062700C27298 /* ComAnimecycAnalyticsTransactionProxy.m in Sources */ = {isa = PBXBuildFile; fileRef = ED43501F1796062700C27298 /* ComAnimecycAnalyticsTransactionProxy.m */; };
		ED4350281796062700C27298 /* ComAnimecycAnalyticsTrackerProxy.m in Sources */ = {isa = PBXBuildFile; fileRef = ED4350201796062700C27298 /* ComAnimecycAnalyticsTrackerProxy.m */; };
		ED4350291796062700C27298 /* ComAnimecycAnalyticsTrackerProxy.h in Headers */ = {isa = PBXBuildFile; fileRef = ED4350211796062700C27298 /* ComAnimecycAnalyticsTrackerProxy.h */; };
		ED43502A1796062700C27298 /* ComAnimecycAnalyticsModuleAssets.m in Sources */ = {isa = PBXBuildFile; fileRef = ED4350221796062700C27298 /* ComAnimecycAnalyticsModuleAssets.m */; };
		ED43502B1796062700C27298 /* ComAnimecycAnalyticsModuleAssets.h in Headers */ = {isa = PBXBuildFile; fileRef = ED4350231796062700C27298 /* ComAnimecycAnalyticsModuleAssets.h */; };
		ED43502C1796062700C27298 /* ComAnimecycAnalyticsModule.m in Sources */ = {isa = PBXBuildFile; fileRef = ED4350241796062700C27298 /* ComAnimecycAnalyticsModule.m */; };
		ED43502D1796062700C27298 /* ComAnimecycAnalyticsModule.h in Headers */ = {isa = PBXBuildFile; fileRef = ED4350251796062700C27298 /* ComAnimecycAnalyticsModule.h */; };
		ED82822D178F144600995C42 /* SystemConfiguration.framework in Frameworks */ = {isa = PBXBuildFile; fileRef = ED82822B178F143700995C42 /* SystemConfiguration.framework */; };
		ED828230178F145F00995C42 /* CoreData.framework in Frameworks */ = {isa = PBXBuildFile; fileRef = ED82822E178F145300995C42 /* CoreData.framework */; };
		ED82823C178F15E700995C42 /* GAI.h in Headers */ = {isa = PBXBuildFile; fileRef = ED828239178F15E700995C42 /* GAI.h */; };
		ED82823D178F15E700995C42 /* GAITracker.h in Headers */ = {isa = PBXBuildFile; fileRef = ED82823A178F15E700995C42 /* GAITracker.h */; };
		ED82823E178F15E700995C42 /* libGoogleAnalytics.a in Frameworks */ = {isa = PBXBuildFile; fileRef = ED82823B178F15E700995C42 /* libGoogleAnalytics.a */; };
		ED828240178F1C8B00995C42 /* GAITransaction.h in Headers */ = {isa = PBXBuildFile; fileRef = ED82823F178F1C8B00995C42 /* GAITransaction.h */; };
		ED828242178F1C9D00995C42 /* GAITransactionItem.h in Headers */ = {isa = PBXBuildFile; fileRef = ED828241178F1C9D00995C42 /* GAITransactionItem.h */; };
		ED828244178F1CAC00995C42 /* GAITrackedViewController.h in Headers */ = {isa = PBXBuildFile; fileRef = ED828243178F1CAC00995C42 /* GAITrackedViewController.h */; };
/* End PBXBuildFile section */

/* Begin PBXContainerItemProxy section */
		24416B8411C4CA280047AFDD /* PBXContainerItemProxy */ = {
			isa = PBXContainerItemProxy;
			containerPortal = 0867D690FE84028FC02AAC07 /* Project object */;
			proxyType = 1;
			remoteGlobalIDString = D2AAC07D0554694100DB518D;
			remoteInfo = TitaniumAnalytics;
		};
/* End PBXContainerItemProxy section */

/* Begin PBXFileReference section */
		24DD6D1B1134B66800162E58 /* titanium.xcconfig */ = {isa = PBXFileReference; fileEncoding = 4; lastKnownFileType = text.xcconfig; path = titanium.xcconfig; sourceTree = "<group>"; };
		AA747D9E0F9514B9006C5449 /* ComAnimecycAnalytics_Prefix.pch */ = {isa = PBXFileReference; fileEncoding = 4; lastKnownFileType = sourcecode.c.h; path = ComAnimecycAnalytics_Prefix.pch; sourceTree = "<group>"; };
		AACBBE490F95108600F1A2B1 /* Foundation.framework */ = {isa = PBXFileReference; lastKnownFileType = wrapper.framework; name = Foundation.framework; path = System/Library/Frameworks/Foundation.framework; sourceTree = SDKROOT; };
		D2AAC07E0554694100DB518D /* libTitaniumAnalytics.a */ = {isa = PBXFileReference; explicitFileType = archive.ar; includeInIndex = 0; path = libTitaniumAnalytics.a; sourceTree = BUILT_PRODUCTS_DIR; };
		ED43501E1796062700C27298 /* ComAnimecycAnalyticsTransactionProxy.h */ = {isa = PBXFileReference; fileEncoding = 4; lastKnownFileType = sourcecode.c.h; name = ComAnimecycAnalyticsTransactionProxy.h; path = Classes/ComAnimecycAnalyticsTransactionProxy.h; sourceTree = "<group>"; };
		ED43501F1796062700C27298 /* ComAnimecycAnalyticsTransactionProxy.m */ = {isa = PBXFileReference; fileEncoding = 4; lastKnownFileType = sourcecode.c.objc; name = ComAnimecycAnalyticsTransactionProxy.m; path = Classes/ComAnimecycAnalyticsTransactionProxy.m; sourceTree = "<group>"; };
		ED4350201796062700C27298 /* ComAnimecycAnalyticsTrackerProxy.m */ = {isa = PBXFileReference; fileEncoding = 4; lastKnownFileType = sourcecode.c.objc; name = ComAnimecycAnalyticsTrackerProxy.m; path = Classes/ComAnimecycAnalyticsTrackerProxy.m; sourceTree = "<group>"; };
		ED4350211796062700C27298 /* ComAnimecycAnalyticsTrackerProxy.h */ = {isa = PBXFileReference; fileEncoding = 4; lastKnownFileType = sourcecode.c.h; name = ComAnimecycAnalyticsTrackerProxy.h; path = Classes/ComAnimecycAnalyticsTrackerProxy.h; sourceTree = "<group>"; };
		ED4350221796062700C27298 /* ComAnimecycAnalyticsModuleAssets.m */ = {isa = PBXFileReference; fileEncoding = 4; lastKnownFileType = sourcecode.c.objc; name = ComAnimecycAnalyticsModuleAssets.m; path = Classes/ComAnimecycAnalyticsModuleAssets.m; sourceTree = "<group>"; };
		ED4350231796062700C27298 /* ComAnimecycAnalyticsModuleAssets.h */ = {isa = PBXFileReference; fileEncoding = 4; lastKnownFileType = sourcecode.c.h; name = ComAnimecycAnalyticsModuleAssets.h; path = Classes/ComAnimecycAnalyticsModuleAssets.h; sourceTree = "<group>"; };
		ED4350241796062700C27298 /* ComAnimecycAnalyticsModule.m */ = {isa = PBXFileReference; fileEncoding = 4; lastKnownFileType = sourcecode.c.objc; name = ComAnimecycAnalyticsModule.m; path = Classes/ComAnimecycAnalyticsModule.m; sourceTree = "<group>"; };
		ED4350251796062700C27298 /* ComAnimecycAnalyticsModule.h */ = {isa = PBXFileReference; fileEncoding = 4; lastKnownFileType = sourcecode.c.h; name = ComAnimecycAnalyticsModule.h; path = Classes/ComAnimecycAnalyticsModule.h; sourceTree = "<group>"; };
		ED82822B178F143700995C42 /* SystemConfiguration.framework */ = {isa = PBXFileReference; lastKnownFileType = wrapper.framework; name = SystemConfiguration.framework; path = System/Library/Frameworks/SystemConfiguration.framework; sourceTree = SDKROOT; };
		ED82822E178F145300995C42 /* CoreData.framework */ = {isa = PBXFileReference; lastKnownFileType = wrapper.framework; name = CoreData.framework; path = System/Library/Frameworks/CoreData.framework; sourceTree = SDKROOT; };
		ED828239178F15E700995C42 /* GAI.h */ = {isa = PBXFileReference; fileEncoding = 4; lastKnownFileType = sourcecode.c.h; path = GAI.h; sourceTree = "<group>"; };
		ED82823A178F15E700995C42 /* GAITracker.h */ = {isa = PBXFileReference; fileEncoding = 4; lastKnownFileType = sourcecode.c.h; path = GAITracker.h; sourceTree = "<group>"; };
		ED82823B178F15E700995C42 /* libGoogleAnalytics.a */ = {isa = PBXFileReference; lastKnownFileType = archive.ar; path = libGoogleAnalytics.a; sourceTree = "<group>"; };
		ED82823F178F1C8B00995C42 /* GAITransaction.h */ = {isa = PBXFileReference; fileEncoding = 4; lastKnownFileType = sourcecode.c.h; path = GAITransaction.h; sourceTree = "<group>"; };
		ED828241178F1C9D00995C42 /* GAITransactionItem.h */ = {isa = PBXFileReference; fileEncoding = 4; lastKnownFileType = sourcecode.c.h; path = GAITransactionItem.h; sourceTree = "<group>"; };
		ED828243178F1CAC00995C42 /* GAITrackedViewController.h */ = {isa = PBXFileReference; fileEncoding = 4; lastKnownFileType = sourcecode.c.h; path = GAITrackedViewController.h; sourceTree = "<group>"; };
/* End PBXFileReference section */

/* Begin PBXFrameworksBuildPhase section */
		D2AAC07C0554694100DB518D /* Frameworks */ = {
			isa = PBXFrameworksBuildPhase;
			buildActionMask = 2147483647;
			files = (
				AACBBE4A0F95108600F1A2B1 /* Foundation.framework in Frameworks */,
				ED82822D178F144600995C42 /* SystemConfiguration.framework in Frameworks */,
				ED828230178F145F00995C42 /* CoreData.framework in Frameworks */,
				ED82823E178F15E700995C42 /* libGoogleAnalytics.a in Frameworks */,
			);
			runOnlyForDeploymentPostprocessing = 0;
		};
/* End PBXFrameworksBuildPhase section */

/* Begin PBXGroup section */
		034768DFFF38A50411DB9C8B /* Products */ = {
			isa = PBXGroup;
			children = (
				D2AAC07E0554694100DB518D /* libTitaniumAnalytics.a */,
			);
			name = Products;
			sourceTree = "<group>";
		};
		0867D691FE84028FC02AAC07 /* TitaniumAnalytics */ = {
			isa = PBXGroup;
			children = (
				ED828238178F15E700995C42 /* Analytics */,
				08FB77AEFE84172EC02AAC07 /* Classes */,
				32C88DFF0371C24200C91783 /* Other Sources */,
				0867D69AFE84028FC02AAC07 /* Frameworks */,
				034768DFFF38A50411DB9C8B /* Products */,
			);
			name = TitaniumAnalytics;
			sourceTree = "<group>";
		};
		0867D69AFE84028FC02AAC07 /* Frameworks */ = {
			isa = PBXGroup;
			children = (
				ED82822E178F145300995C42 /* CoreData.framework */,
				ED82822B178F143700995C42 /* SystemConfiguration.framework */,
				AACBBE490F95108600F1A2B1 /* Foundation.framework */,
			);
			name = Frameworks;
			sourceTree = "<group>";
		};
		08FB77AEFE84172EC02AAC07 /* Classes */ = {
			isa = PBXGroup;
			children = (
				ED43501E1796062700C27298 /* ComAnimecycAnalyticsTransactionProxy.h */,
				ED43501F1796062700C27298 /* ComAnimecycAnalyticsTransactionProxy.m */,
				ED4350201796062700C27298 /* ComAnimecycAnalyticsTrackerProxy.m */,
				ED4350211796062700C27298 /* ComAnimecycAnalyticsTrackerProxy.h */,
				ED4350221796062700C27298 /* ComAnimecycAnalyticsModuleAssets.m */,
				ED4350231796062700C27298 /* ComAnimecycAnalyticsModuleAssets.h */,
				ED4350241796062700C27298 /* ComAnimecycAnalyticsModule.m */,
				ED4350251796062700C27298 /* ComAnimecycAnalyticsModule.h */,
			);
			name = Classes;
			sourceTree = "<group>";
		};
		32C88DFF0371C24200C91783 /* Other Sources */ = {
			isa = PBXGroup;
			children = (
				AA747D9E0F9514B9006C5449 /* ComAnimecycAnalytics_Prefix.pch */,
				24DD6D1B1134B66800162E58 /* titanium.xcconfig */,
			);
			name = "Other Sources";
			sourceTree = "<group>";
		};
		ED828238178F15E700995C42 /* Analytics */ = {
			isa = PBXGroup;
			children = (
				ED828239178F15E700995C42 /* GAI.h */,
				ED82823A178F15E700995C42 /* GAITracker.h */,
				ED828243178F1CAC00995C42 /* GAITrackedViewController.h */,
				ED82823F178F1C8B00995C42 /* GAITransaction.h */,
				ED828241178F1C9D00995C42 /* GAITransactionItem.h */,
				ED82823B178F15E700995C42 /* libGoogleAnalytics.a */,
			);
			path = Analytics;
			sourceTree = "<group>";
		};
/* End PBXGroup section */

/* Begin PBXHeadersBuildPhase section */
		D2AAC07A0554694100DB518D /* Headers */ = {
			isa = PBXHeadersBuildPhase;
			buildActionMask = 2147483647;
			files = (
				AA747D9F0F9514B9006C5449 /* ComAnimecycAnalytics_Prefix.pch in Headers */,
				ED82823C178F15E700995C42 /* GAI.h in Headers */,
				ED82823D178F15E700995C42 /* GAITracker.h in Headers */,
				ED828240178F1C8B00995C42 /* GAITransaction.h in Headers */,
				ED828242178F1C9D00995C42 /* GAITransactionItem.h in Headers */,
				ED828244178F1CAC00995C42 /* GAITrackedViewController.h in Headers */,
				ED4350261796062700C27298 /* ComAnimecycAnalyticsTransactionProxy.h in Headers */,
				ED4350291796062700C27298 /* ComAnimecycAnalyticsTrackerProxy.h in Headers */,
				ED43502B1796062700C27298 /* ComAnimecycAnalyticsModuleAssets.h in Headers */,
				ED43502D1796062700C27298 /* ComAnimecycAnalyticsModule.h in Headers */,
			);
			runOnlyForDeploymentPostprocessing = 0;
		};
/* End PBXHeadersBuildPhase section */

/* Begin PBXNativeTarget section */
		D2AAC07D0554694100DB518D /* TitaniumAnalytics */ = {
			isa = PBXNativeTarget;
			buildConfigurationList = 1DEB921E08733DC00010E9CD /* Build configuration list for PBXNativeTarget "TitaniumAnalytics" */;
			buildPhases = (
				D2AAC07A0554694100DB518D /* Headers */,
				D2AAC07B0554694100DB518D /* Sources */,
				D2AAC07C0554694100DB518D /* Frameworks */,
			);
			buildRules = (
			);
			dependencies = (
			);
			name = TitaniumAnalytics;
			productName = TitaniumAnalytics;
			productReference = D2AAC07E0554694100DB518D /* libTitaniumAnalytics.a */;
			productType = "com.apple.product-type.library.static";
		};
/* End PBXNativeTarget section */

/* Begin PBXProject section */
		0867D690FE84028FC02AAC07 /* Project object */ = {
			isa = PBXProject;
			attributes = {
				LastUpgradeCheck = 0460;
			};
			buildConfigurationList = 1DEB922208733DC00010E9CD /* Build configuration list for PBXProject "TitaniumAnalytics" */;
			compatibilityVersion = "Xcode 3.2";
			developmentRegion = English;
			hasScannedForEncodings = 1;
			knownRegions = (
				English,
				Japanese,
				French,
				German,
			);
			mainGroup = 0867D691FE84028FC02AAC07 /* TitaniumAnalytics */;
			productRefGroup = 034768DFFF38A50411DB9C8B /* Products */;
			projectDirPath = "";
			projectRoot = "";
			targets = (
				D2AAC07D0554694100DB518D /* TitaniumAnalytics */,
				24416B8111C4CA220047AFDD /* Build & Test */,
			);
		};
/* End PBXProject section */

/* Begin PBXShellScriptBuildPhase section */
		24416B8011C4CA220047AFDD /* ShellScript */ = {
			isa = PBXShellScriptBuildPhase;
			buildActionMask = 2147483647;
			files = (
			);
			inputPaths = (
			);
			outputPaths = (
			);
			runOnlyForDeploymentPostprocessing = 0;
			shellPath = /bin/sh;
			shellScript = "# shell script goes here\n\npython \"${TITANIUM_SDK}/titanium.py\" run --dir=\"${PROJECT_DIR}\"\nexit $?\n";
		};
/* End PBXShellScriptBuildPhase section */

/* Begin PBXSourcesBuildPhase section */
		D2AAC07B0554694100DB518D /* Sources */ = {
			isa = PBXSourcesBuildPhase;
			buildActionMask = 2147483647;
			files = (
				ED4350271796062700C27298 /* ComAnimecycAnalyticsTransactionProxy.m in Sources */,
				ED4350281796062700C27298 /* ComAnimecycAnalyticsTrackerProxy.m in Sources */,
				ED43502A1796062700C27298 /* ComAnimecycAnalyticsModuleAssets.m in Sources */,
				ED43502C1796062700C27298 /* ComAnimecycAnalyticsModule.m in Sources */,
			);
			runOnlyForDeploymentPostprocessing = 0;
		};
/* End PBXSourcesBuildPhase section */

/* Begin PBXTargetDependency section */
		24416B8511C4CA280047AFDD /* PBXTargetDependency */ = {
			isa = PBXTargetDependency;
			target = D2AAC07D0554694100DB518D /* TitaniumAnalytics */;
			targetProxy = 24416B8411C4CA280047AFDD /* PBXContainerItemProxy */;
		};
/* End PBXTargetDependency section */

/* Begin XCBuildConfiguration section */
		1DEB921F08733DC00010E9CD /* Debug */ = {
			isa = XCBuildConfiguration;
			baseConfigurationReference = 24DD6D1B1134B66800162E58 /* titanium.xcconfig */;
			buildSettings = {
				CODE_SIGN_IDENTITY = "iPhone Developer";
				"CODE_SIGN_IDENTITY[sdk=iphoneos*]" = "iPhone Developer";
				DSTROOT = /tmp/TitaniumAnalytics.dst;
				GCC_C_LANGUAGE_STANDARD = c99;
				GCC_OPTIMIZATION_LEVEL = 0;
				GCC_PRECOMPILE_PREFIX_HEADER = YES;
				GCC_PREFIX_HEADER = ComAnimecycAnalytics_Prefix.pch;
				GCC_PREPROCESSOR_DEFINITIONS = "TI_VERSION=$(TI_VERSION)";
				GCC_TREAT_WARNINGS_AS_ERRORS = NO;
				GCC_VERSION = "";
				GCC_WARN_ABOUT_RETURN_TYPE = NO;
				GCC_WARN_MISSING_PARENTHESES = NO;
				GCC_WARN_SHADOW = NO;
				GCC_WARN_STRICT_SELECTOR_MATCH = NO;
				GCC_WARN_UNUSED_FUNCTION = YES;
				GCC_WARN_UNUSED_PARAMETER = NO;
				GCC_WARN_UNUSED_VALUE = NO;
				GCC_WARN_UNUSED_VARIABLE = NO;
				INSTALL_PATH = /usr/local/lib;
				LIBRARY_SEARCH_PATHS = (
					"$(inherited)",
					"\"$(SRCROOT)\"",
					"\"$(SRCROOT)/Analytics\"",
				);
				OTHER_CFLAGS = (
					"-DDEBUG",
					"-DTI_POST_1_2",
				);
				OTHER_LDFLAGS = "-ObjC";
				PRODUCT_NAME = TitaniumAnalytics;
				PROVISIONING_PROFILE = "";
				"PROVISIONING_PROFILE[sdk=iphoneos*]" = "";
				RUN_CLANG_STATIC_ANALYZER = NO;
				SDKROOT = iphoneos;
				USER_HEADER_SEARCH_PATHS = "";
			};
			name = Debug;
		};
		1DEB922008733DC00010E9CD /* Release */ = {
			isa = XCBuildConfiguration;
			baseConfigurationReference = 24DD6D1B1134B66800162E58 /* titanium.xcconfig */;
			buildSettings = {
				ALWAYS_SEARCH_USER_PATHS = NO;
				DSTROOT = /tmp/TitaniumAnalytics.dst;
				GCC_C_LANGUAGE_STANDARD = c99;
				GCC_MODEL_TUNING = G5;
				GCC_PRECOMPILE_PREFIX_HEADER = YES;
				GCC_PREFIX_HEADER = ComAnimecycAnalytics_Prefix.pch;
				GCC_PREPROCESSOR_DEFINITIONS = "TI_VERSION=$(TI_VERSION)";
				GCC_TREAT_WARNINGS_AS_ERRORS = NO;
				GCC_VERSION = "";
				GCC_WARN_ABOUT_RETURN_TYPE = NO;
				GCC_WARN_MISSING_PARENTHESES = NO;
				GCC_WARN_SHADOW = NO;
				GCC_WARN_STRICT_SELECTOR_MATCH = NO;
				GCC_WARN_UNUSED_FUNCTION = YES;
				GCC_WARN_UNUSED_PARAMETER = NO;
				GCC_WARN_UNUSED_VALUE = NO;
				GCC_WARN_UNUSED_VARIABLE = NO;
				INSTALL_PATH = /usr/local/lib;
				IPHONEOS_DEPLOYMENT_TARGET = 4.0;
				LIBRARY_SEARCH_PATHS = (
					"$(inherited)",
					"\"$(SRCROOT)\"",
					"\"$(SRCROOT)/Analytics\"",
				);
				OTHER_CFLAGS = "-DTI_POST_1_2";
				OTHER_LDFLAGS = "-ObjC";
				PRODUCT_NAME = TitaniumAnalytics;
				RUN_CLANG_STATIC_ANALYZER = NO;
				SDKROOT = iphoneos;
				USER_HEADER_SEARCH_PATHS = "";
			};
			name = Release;
		};
		1DEB922308733DC00010E9CD /* Debug */ = {
			isa = XCBuildConfiguration;
			baseConfigurationReference = 24DD6D1B1134B66800162E58 /* titanium.xcconfig */;
			buildSettings = {
				CODE_SIGN_IDENTITY = "iPhone Developer";
				"CODE_SIGN_IDENTITY[sdk=iphoneos*]" = "iPhone Developer";
				DSTROOT = /tmp/TitaniumAnalytics.dst;
				GCC_C_LANGUAGE_STANDARD = c99;
				GCC_OPTIMIZATION_LEVEL = 0;
				GCC_PRECOMPILE_PREFIX_HEADER = YES;
				GCC_PREFIX_HEADER = ComAnimecycAnalytics_Prefix.pch;
				GCC_PREPROCESSOR_DEFINITIONS = "TI_VERSION=$(TI_VERSION)";
				GCC_TREAT_WARNINGS_AS_ERRORS = NO;
				GCC_VERSION = "";
				GCC_WARN_ABOUT_RETURN_TYPE = NO;
				GCC_WARN_MISSING_PARENTHESES = NO;
				GCC_WARN_SHADOW = NO;
				GCC_WARN_STRICT_SELECTOR_MATCH = NO;
				GCC_WARN_UNUSED_FUNCTION = YES;
				GCC_WARN_UNUSED_PARAMETER = NO;
				GCC_WARN_UNUSED_VALUE = NO;
				GCC_WARN_UNUSED_VARIABLE = NO;
				INSTALL_PATH = /usr/local/lib;
				OTHER_CFLAGS = (
					"-DDEBUG",
					"-DTI_POST_1_2",
				);
				OTHER_LDFLAGS = "-ObjC";
				PRODUCT_NAME = TitaniumAnalytics;
				PROVISIONING_PROFILE = "";
				"PROVISIONING_PROFILE[sdk=iphoneos*]" = "";
				RUN_CLANG_STATIC_ANALYZER = NO;
				SDKROOT = iphoneos;
				USER_HEADER_SEARCH_PATHS = "";
			};
			name = Debug;
		};
		1DEB922408733DC00010E9CD /* Release */ = {
			isa = XCBuildConfiguration;
			baseConfigurationReference = 24DD6D1B1134B66800162E58 /* titanium.xcconfig */;
			buildSettings = {
				ALWAYS_SEARCH_USER_PATHS = NO;
				DSTROOT = /tmp/TitaniumAnalytics.dst;
				GCC_C_LANGUAGE_STANDARD = c99;
				GCC_MODEL_TUNING = G5;
				GCC_PRECOMPILE_PREFIX_HEADER = YES;
				GCC_PREFIX_HEADER = ComAnimecycAnalytics_Prefix.pch;
				GCC_PREPROCESSOR_DEFINITIONS = "TI_VERSION=$(TI_VERSION)";
				GCC_TREAT_WARNINGS_AS_ERRORS = NO;
				GCC_VERSION = "";
				GCC_WARN_ABOUT_RETURN_TYPE = NO;
				GCC_WARN_MISSING_PARENTHESES = NO;
				GCC_WARN_SHADOW = NO;
				GCC_WARN_STRICT_SELECTOR_MATCH = NO;
				GCC_WARN_UNUSED_FUNCTION = YES;
				GCC_WARN_UNUSED_PARAMETER = NO;
				GCC_WARN_UNUSED_VALUE = NO;
				GCC_WARN_UNUSED_VARIABLE = NO;
				INSTALL_PATH = /usr/local/lib;
				IPHONEOS_DEPLOYMENT_TARGET = 4.0;
				OTHER_CFLAGS = "-DTI_POST_1_2";
				OTHER_LDFLAGS = "-ObjC";
				PRODUCT_NAME = TitaniumAnalytics;
				RUN_CLANG_STATIC_ANALYZER = NO;
				SDKROOT = iphoneos;
				USER_HEADER_SEARCH_PATHS = "";
			};
			name = Release;
		};
		24416B8211C4CA220047AFDD /* Debug */ = {
			isa = XCBuildConfiguration;
			baseConfigurationReference = 24DD6D1B1134B66800162E58 /* titanium.xcconfig */;
			buildSettings = {
				COPY_PHASE_STRIP = NO;
				GCC_DYNAMIC_NO_PIC = NO;
				GCC_OPTIMIZATION_LEVEL = 0;
				PRODUCT_NAME = "Build & test";
			};
			name = Debug;
		};
		24416B8311C4CA220047AFDD /* Release */ = {
			isa = XCBuildConfiguration;
			baseConfigurationReference = 24DD6D1B1134B66800162E58 /* titanium.xcconfig */;
			buildSettings = {
				COPY_PHASE_STRIP = YES;
				DEBUG_INFORMATION_FORMAT = "dwarf-with-dsym";
				PRODUCT_NAME = "Build & test";
				ZERO_LINK = NO;
			};
			name = Release;
		};
/* End XCBuildConfiguration section */

/* Begin XCConfigurationList section */
		1DEB921E08733DC00010E9CD /* Build configuration list for PBXNativeTarget "TitaniumAnalytics" */ = {
			isa = XCConfigurationList;
			buildConfigurations = (
				1DEB921F08733DC00010E9CD /* Debug */,
				1DEB922008733DC00010E9CD /* Release */,
			);
			defaultConfigurationIsVisible = 0;
			defaultConfigurationName = Release;
		};
		1DEB922208733DC00010E9CD /* Build configuration list for PBXProject "TitaniumAnalytics" */ = {
			isa = XCConfigurationList;
			buildConfigurations = (
				1DEB922308733DC00010E9CD /* Debug */,
				1DEB922408733DC00010E9CD /* Release */,
			);
			defaultConfigurationIsVisible = 0;
			defaultConfigurationName = Release;
		};
		24416B8A11C4CA520047AFDD /* Build configuration list for PBXAggregateTarget "Build & Test" */ = {
			isa = XCConfigurationList;
			buildConfigurations = (
				24416B8211C4CA220047AFDD /* Debug */,
				24416B8311C4CA220047AFDD /* Release */,
			);
			defaultConfigurationIsVisible = 0;
			defaultConfigurationName = Release;
		};
/* End XCConfigurationList section */
	};
	rootObject = 0867D690FE84028FC02AAC07 /* Project object */;
}
